
Microsoft Visual Studio Solution File, Format Version 12.00
# Visual Studio Version 17
VisualStudioVersion = 17.14.36717.8 d17.14
MinimumVisualStudioVersion = 10.0.40219.1
Project("{8BC9CEB8-8B4A-11D0-8D11-00A0C91BC942}") = "lab mid", "lab mid.vcxproj", "{BCDA34A3-E74F-47FF-B8B2-E80D511F0EDD}"
EndProject
Global
	GlobalSection(SolutionConfigurationPlatforms) = preSolution
		Debug|x64 = Debug|x64
		Debug|x86 = Debug|x86
		Release|x64 = Release|x64
		Release|x86 = Release|x86
	EndGlobalSection
	GlobalSection(ProjectConfigurationPlatforms) = postSolution
		{BCDA34A3-E74F-47FF-B8B2-E80D511F0EDD}.Debug|x64.ActiveCfg = Debug|x64
		{BCDA34A3-E74F-47FF-B8B2-E80D511F0EDD}.Debug|x64.Build.0 = Debug|x64
		{BCDA34A3-E74F-47FF-B8B2-E80D511F0EDD}.Debug|x86.ActiveCfg = Debug|Win32
		{BCDA34A3-E74F-47FF-B8B2-E80D511F0EDD}.Debug|x86.Build.0 = Debug|Win32
		{BCDA34A3-E74F-47FF-B8B2-E80D511F0EDD}.Release|x64.ActiveCfg = Release|x64
		{BCDA34A3-E74F-47FF-B8B2-E80D511F0EDD}.Release|x64.Build.0 = Release|x64
		{BCDA34A3-E74F-47FF-B8B2-E80D511F0EDD}.Release|x86.ActiveCfg = Release|Win32
		{BCDA34A3-E74F-47FF-B8B2-E80D511F0EDD}.Release|x86.Build.0 = Release|Win32
	EndGlobalSection
	GlobalSection(SolutionProperties) = preSolution
		HideSolutionNode = FALSE
	EndGlobalSection
	GlobalSection(ExtensibilityGlobals) = postSolution
		SolutionGuid = {5A1593DE-1D4E-4D18-9FEB-6FCA890AE568}
	EndGlobalSection
EndGlobal
