
Microsoft Visual Studio Solution File, Format Version 12.00
# Visual Studio Version 17
VisualStudioVersion = 17.14.36717.8 d17.14
MinimumVisualStudioVersion = 10.0.40219.1
Project("{8BC9CEB8-8B4A-11D0-8D11-00A0C91BC942}") = "merge_quike sort", "merge_quike sort.vcxproj", "{42F5A351-6568-4279-9601-765B6176824E}"
EndProject
Global
	GlobalSection(SolutionConfigurationPlatforms) = preSolution
		Debug|x64 = Debug|x64
		Debug|x86 = Debug|x86
		Release|x64 = Release|x64
		Release|x86 = Release|x86
	EndGlobalSection
	GlobalSection(ProjectConfigurationPlatforms) = postSolution
		{42F5A351-6568-4279-9601-765B6176824E}.Debug|x64.ActiveCfg = Debug|x64
		{42F5A351-6568-4279-9601-765B6176824E}.Debug|x64.Build.0 = Debug|x64
		{42F5A351-6568-4279-9601-765B6176824E}.Debug|x86.ActiveCfg = Debug|Win32
		{42F5A351-6568-4279-9601-765B6176824E}.Debug|x86.Build.0 = Debug|Win32
		{42F5A351-6568-4279-9601-765B6176824E}.Release|x64.ActiveCfg = Release|x64
		{42F5A351-6568-4279-9601-765B6176824E}.Release|x64.Build.0 = Release|x64
		{42F5A351-6568-4279-9601-765B6176824E}.Release|x86.ActiveCfg = Release|Win32
		{42F5A351-6568-4279-9601-765B6176824E}.Release|x86.Build.0 = Release|Win32
	EndGlobalSection
	GlobalSection(SolutionProperties) = preSolution
		HideSolutionNode = FALSE
	EndGlobalSection
	GlobalSection(ExtensibilityGlobals) = postSolution
		SolutionGuid = {12EE3BD1-7BD0-4AD6-897C-A74ED9C42704}
	EndGlobalSection
EndGlobal
